PODS:
  - Highlightr (2.1.0)
  - libcmark_gfm (0.29.2)
  - Maaku/CMark (0.9.1):
    - libcmark_gfm (~> 0.29.2)
  - Maaku/Core (0.9.1):
    - Maaku/CMark
  - Maaku/Plugins (0.9.1):
    - Maaku/Core
  - Nimble (8.0.2)
  - PINCache (3.0.1-beta.6):
    - PINCache/Arc-exception-safe (= 3.0.1-beta.6)
    - PINCache/Core (= 3.0.1-beta.6)
  - PINCache/Arc-exception-safe (3.0.1-beta.6):
    - PINCache/Core
  - PINCache/Core (3.0.1-beta.6):
    - PINOperation (~> 1.1.0)
  - PINOperation (1.1.2)
  - PINRemoteImage/Core (3.0.0-beta.13):
    - PINOperation
  - PINRemoteImage/iOS (3.0.0-beta.13):
    - PINRemoteImage/Core
  - PINRemoteImage/PINCache (3.0.0-beta.13):
    - PINCache (= 3.0.1-beta.6)
    - PINRemoteImage/Core
  - Quick (2.1.0)
  - SwiftLint (0.33.0)
  - Texture (2.8.1):
    - Texture/AssetsLibrary (= 2.8.1)
    - Texture/Core (= 2.8.1)
    - Texture/MapKit (= 2.8.1)
    - Texture/Photos (= 2.8.1)
    - Texture/PINRemoteImage (= 2.8.1)
    - Texture/Video (= 2.8.1)
  - Texture/AssetsLibrary (2.8.1):
    - Texture/Core
  - Texture/Core (2.8.1)
  - Texture/MapKit (2.8.1):
    - Texture/Core
  - Texture/Photos (2.8.1):
    - Texture/Core
  - Texture/PINRemoteImage (2.8.1):
    - PINRemoteImage/iOS (= 3.0.0-beta.13)
    - PINRemoteImage/PINCache
    - Texture/Core
  - Texture/Video (2.8.1):
    - Texture/Core
  - youtube-ios-player-helper (0.1.6)

DEPENDENCIES:
  - Highlightr (from `https://github.com/raspu/Highlightr.git`, branch `master`)
  - Maaku/CMark
  - Maaku/Core
  - Maaku/Plugins
  - Nimble
  - Quick
  - SwiftLint
  - Texture
  - youtube-ios-player-helper

SPEC REPOS:
  https://github.com/cocoapods/specs.git:
    - libcmark_gfm
    - Maaku
    - Nimble
    - PINCache
    - PINOperation
    - PINRemoteImage
    - Quick
    - SwiftLint
    - Texture
    - youtube-ios-player-helper

EXTERNAL SOURCES:
  Highlightr:
    :branch: master
    :git: https://github.com/raspu/Highlightr.git

CHECKOUT OPTIONS:
  Highlightr:
    :commit: 87465e7ac116a4c8672fa29aae840e9c9e68bedb
    :git: https://github.com/raspu/Highlightr.git

SPEC CHECKSUMS:
  Highlightr: 683f05d5223cade533a78528a35c9f06e4caddf8
  libcmark_gfm: 0d4925ca4f8c2cc89b65d7ff4ed1162ff413911d
  Maaku: d0d932dc054255d21e11f63fb6be25b4c6a1e6eb
  Nimble: 622629381bda1dd5678162f21f1368cec7cbba60
  PINCache: d195fdba255283f7e9900a55e3cced377f431f9b
  PINOperation: 24b774353ca248fcf87d67b2d61eef42087c125a
  PINRemoteImage: d6d51c5d2adda55f1ce30c96e850b6c4ebd2856a
  Quick: 4be43f6634acfa727dd106bdf3929ce125ffa79d
  SwiftLint: fed9c66336e41fc74dc48a73678380718f0c8b0e
  Texture: 8ecf6984065a1e54f06bf97b349ecca28582acd7
  youtube-ios-player-helper: 21ab92db027c7ff86cb17a3843a3f6eafc8158d2

PODFILE CHECKSUM: 54f5a5ea334edf840335d75a55d90bc29ea2f5f3

COCOAPODS: 1.7.1
