// !$*UTF8*$!
{
	archiveVersion = 1;
	classes = {
	};
	objectVersion = 48;
	objects = {

/* Begin PBXBuildFile section */
		A276D5BD1FEB2737006D5715 /* AppDelegate.swift in Sources */ = {isa = PBXBuildFile; fileRef = A276D5BC1FEB2737006D5715 /* AppDelegate.swift */; };
		A276D5BF1FEB2737006D5715 /* DemoViewController.swift in Sources */ = {isa = PBXBuildFile; fileRef = A276D5BE1FEB2737006D5715 /* DemoViewController.swift */; };
		A276D5C41FEB2737006D5715 /* Assets.xcassets in Resources */ = {isa = PBXBuildFile; fileRef = A276D5C31FEB2737006D5715 /* Assets.xcassets */; };
		A276D5C71FEB2737006D5715 /* LaunchScreen.storyboard in Resources */ = {isa = PBXBuildFile; fileRef = A276D5C51FEB2737006D5715 /* LaunchScreen.storyboard */; };
		A276D6041FEB3145006D5715 /* syntax.md in Resources */ = {isa = PBXBuildFile; fileRef = A276D6031FEB3145006D5715 /* syntax.md */; };
		A28847451FF5AA5A00558555 /* demo.md in Resources */ = {isa = PBXBuildFile; fileRef = A28847441FF5AA5A00558555 /* demo.md */; };
		A28847471FF5F71900558555 /* pride.md in Resources */ = {isa = PBXBuildFile; fileRef = A28847461FF5F71900558555 /* pride.md */; };
		A288474E1FF6EDA300558555 /* index.md in Resources */ = {isa = PBXBuildFile; fileRef = A288474D1FF6EDA300558555 /* index.md */; };
		A28847501FF6F31800558555 /* youtube.md in Resources */ = {isa = PBXBuildFile; fileRef = A288474F1FF6F31800558555 /* youtube.md */; };
		A2B4096B21CB677100233710 /* Test.md in Resources */ = {isa = PBXBuildFile; fileRef = A2B4096A21CB677100233710 /* Test.md */; };
		A2C8204920367C12007892FD /* codehighlight.md in Resources */ = {isa = PBXBuildFile; fileRef = A2C8204820367C12007892FD /* codehighlight.md */; };
		A75F084466D205362745D587 /* Pods_TexturedMaakuDemoTargets_TexturedMaakuDemo.framework in Frameworks */ = {isa = PBXBuildFile; fileRef = E504CAEAB392C57E50812F0B /* Pods_TexturedMaakuDemoTargets_TexturedMaakuDemo.framework */; };
/* End PBXBuildFile section */

/* Begin PBXFileReference section */
		A276D5B91FEB2737006D5715 /* TexturedMaakuDemo.app */ = {isa = PBXFileReference; explicitFileType = wrapper.application; includeInIndex = 0; path = TexturedMaakuDemo.app; sourceTree = BUILT_PRODUCTS_DIR; };
		A276D5BC1FEB2737006D5715 /* AppDelegate.swift */ = {isa = PBXFileReference; lastKnownFileType = sourcecode.swift; path = AppDelegate.swift; sourceTree = "<group>"; };
		A276D5BE1FEB2737006D5715 /* DemoViewController.swift */ = {isa = PBXFileReference; lastKnownFileType = sourcecode.swift; path = DemoViewController.swift; sourceTree = "<group>"; };
		A276D5C31FEB2737006D5715 /* Assets.xcassets */ = {isa = PBXFileReference; lastKnownFileType = folder.assetcatalog; path = Assets.xcassets; sourceTree = "<group>"; };
		A276D5C61FEB2737006D5715 /* Base */ = {isa = PBXFileReference; lastKnownFileType = file.storyboard; name = Base; path = Base.lproj/LaunchScreen.storyboard; sourceTree = "<group>"; };
		A276D5C81FEB2737006D5715 /* Info.plist */ = {isa = PBXFileReference; lastKnownFileType = text.plist.xml; path = Info.plist; sourceTree = "<group>"; };
		A276D6031FEB3145006D5715 /* syntax.md */ = {isa = PBXFileReference; lastKnownFileType = net.daringfireball.markdown; path = syntax.md; sourceTree = "<group>"; };
		A28847441FF5AA5A00558555 /* demo.md */ = {isa = PBXFileReference; lastKnownFileType = net.daringfireball.markdown; path = demo.md; sourceTree = "<group>"; };
		A28847461FF5F71900558555 /* pride.md */ = {isa = PBXFileReference; lastKnownFileType = net.daringfireball.markdown; path = pride.md; sourceTree = "<group>"; };
		A288474D1FF6EDA300558555 /* index.md */ = {isa = PBXFileReference; lastKnownFileType = net.daringfireball.markdown; path = index.md; sourceTree = "<group>"; };
		A288474F1FF6F31800558555 /* youtube.md */ = {isa = PBXFileReference; lastKnownFileType = net.daringfireball.markdown; path = youtube.md; sourceTree = "<group>"; };
		A2B4096A21CB677100233710 /* Test.md */ = {isa = PBXFileReference; lastKnownFileType = net.daringfireball.markdown; path = Test.md; sourceTree = "<group>"; };
		A2C8204820367C12007892FD /* codehighlight.md */ = {isa = PBXFileReference; lastKnownFileType = net.daringfireball.markdown; path = codehighlight.md; sourceTree = "<group>"; };
		E504CAEAB392C57E50812F0B /* Pods_TexturedMaakuDemoTargets_TexturedMaakuDemo.framework */ = {isa = PBXFileReference; explicitFileType = wrapper.framework; includeInIndex = 0; path = Pods_TexturedMaakuDemoTargets_TexturedMaakuDemo.framework; sourceTree = BUILT_PRODUCTS_DIR; };
		ED36AD404F0C266D74933A4B /* Pods-TexturedMaakuDemoTargets-TexturedMaakuDemo.release.xcconfig */ = {isa = PBXFileReference; includeInIndex = 1; lastKnownFileType = text.xcconfig; name = "Pods-TexturedMaakuDemoTargets-TexturedMaakuDemo.release.xcconfig"; path = "Target Support Files/Pods-TexturedMaakuDemoTargets-TexturedMaakuDemo/Pods-TexturedMaakuDemoTargets-TexturedMaakuDemo.release.xcconfig"; sourceTree = "<group>"; };
		FEE25028C7331E0CCDCF8FBA /* Pods-TexturedMaakuDemoTargets-TexturedMaakuDemo.debug.xcconfig */ = {isa = PBXFileReference; includeInIndex = 1; lastKnownFileType = text.xcconfig; name = "Pods-TexturedMaakuDemoTargets-TexturedMaakuDemo.debug.xcconfig"; path = "Target Support Files/Pods-TexturedMaakuDemoTargets-TexturedMaakuDemo/Pods-TexturedMaakuDemoTargets-TexturedMaakuDemo.debug.xcconfig"; sourceTree = "<group>"; };
/* End PBXFileReference section */

/* Begin PBXFrameworksBuildPhase section */
		A276D5B61FEB2737006D5715 /* Frameworks */ = {
			isa = PBXFrameworksBuildPhase;
			buildActionMask = 2147483647;
			files = (
				A75F084466D205362745D587 /* Pods_TexturedMaakuDemoTargets_TexturedMaakuDemo.framework in Frameworks */,
			);
			runOnlyForDeploymentPostprocessing = 0;
		};
/* End PBXFrameworksBuildPhase section */

/* Begin PBXGroup section */
		318914CEFC05523632A87351 /* Pods */ = {
			isa = PBXGroup;
			children = (
				FEE25028C7331E0CCDCF8FBA /* Pods-TexturedMaakuDemoTargets-TexturedMaakuDemo.debug.xcconfig */,
				ED36AD404F0C266D74933A4B /* Pods-TexturedMaakuDemoTargets-TexturedMaakuDemo.release.xcconfig */,
			);
			path = Pods;
			sourceTree = "<group>";
		};
		A276D5B01FEB2737006D5715 = {
			isa = PBXGroup;
			children = (
				A276D5BB1FEB2737006D5715 /* TexturedMaakuDemo */,
				A276D5BA1FEB2737006D5715 /* Products */,
				318914CEFC05523632A87351 /* Pods */,
				D0B90CC99047D6A49C6AD07D /* Frameworks */,
			);
			sourceTree = "<group>";
		};
		A276D5BA1FEB2737006D5715 /* Products */ = {
			isa = PBXGroup;
			children = (
				A276D5B91FEB2737006D5715 /* TexturedMaakuDemo.app */,
			);
			name = Products;
			sourceTree = "<group>";
		};
		A276D5BB1FEB2737006D5715 /* TexturedMaakuDemo */ = {
			isa = PBXGroup;
			children = (
				A276D5BC1FEB2737006D5715 /* AppDelegate.swift */,
				A276D5C31FEB2737006D5715 /* Assets.xcassets */,
				A2C8204820367C12007892FD /* codehighlight.md */,
				A28847441FF5AA5A00558555 /* demo.md */,
				A276D5BE1FEB2737006D5715 /* DemoViewController.swift */,
				A288474D1FF6EDA300558555 /* index.md */,
				A276D5C81FEB2737006D5715 /* Info.plist */,
				A276D5C51FEB2737006D5715 /* LaunchScreen.storyboard */,
				A28847461FF5F71900558555 /* pride.md */,
				A276D6031FEB3145006D5715 /* syntax.md */,
				A288474F1FF6F31800558555 /* youtube.md */,
				A2B4096A21CB677100233710 /* Test.md */,
			);
			path = TexturedMaakuDemo;
			sourceTree = "<group>";
		};
		D0B90CC99047D6A49C6AD07D /* Frameworks */ = {
			isa = PBXGroup;
			children = (
				E504CAEAB392C57E50812F0B /* Pods_TexturedMaakuDemoTargets_TexturedMaakuDemo.framework */,
			);
			name = Frameworks;
			sourceTree = "<group>";
		};
/* End PBXGroup section */

/* Begin PBXNativeTarget section */
		A276D5B81FEB2737006D5715 /* TexturedMaakuDemo */ = {
			isa = PBXNativeTarget;
			buildConfigurationList = A276D5CB1FEB2737006D5715 /* Build configuration list for PBXNativeTarget "TexturedMaakuDemo" */;
			buildPhases = (
				A103B8A7A4DAEEC315B8EBD6 /* [CP] Check Pods Manifest.lock */,
				A276D5B51FEB2737006D5715 /* Sources */,
				A276D5B61FEB2737006D5715 /* Frameworks */,
				A276D5B71FEB2737006D5715 /* Resources */,
				352066F637EADA0809FAECEA /* [CP] Embed Pods Frameworks */,
			);
			buildRules = (
			);
			dependencies = (
			);
			name = TexturedMaakuDemo;
			productName = TexturedMaakuDemo;
			productReference = A276D5B91FEB2737006D5715 /* TexturedMaakuDemo.app */;
			productType = "com.apple.product-type.application";
		};
/* End PBXNativeTarget section */

/* Begin PBXProject section */
		A276D5B11FEB2737006D5715 /* Project object */ = {
			isa = PBXProject;
			attributes = {
				LastSwiftUpdateCheck = 0920;
				LastUpgradeCheck = 0930;
				ORGANIZATIONNAME = "Kristopher Baker";
				TargetAttributes = {
					A276D5B81FEB2737006D5715 = {
						CreatedOnToolsVersion = 9.2;
						ProvisioningStyle = Manual;
					};
				};
			};
			buildConfigurationList = A276D5B41FEB2737006D5715 /* Build configuration list for PBXProject "TexturedMaakuDemo" */;
			compatibilityVersion = "Xcode 8.0";
			developmentRegion = en;
			hasScannedForEncodings = 0;
			knownRegions = (
				en,
				Base,
			);
			mainGroup = A276D5B01FEB2737006D5715;
			productRefGroup = A276D5BA1FEB2737006D5715 /* Products */;
			projectDirPath = "";
			projectRoot = "";
			targets = (
				A276D5B81FEB2737006D5715 /* TexturedMaakuDemo */,
			);
		};
/* End PBXProject section */

/* Begin PBXResourcesBuildPhase section */
		A276D5B71FEB2737006D5715 /* Resources */ = {
			isa = PBXResourcesBuildPhase;
			buildActionMask = 2147483647;
			files = (
				A276D5C71FEB2737006D5715 /* LaunchScreen.storyboard in Resources */,
				A276D6041FEB3145006D5715 /* syntax.md in Resources */,
				A2C8204920367C12007892FD /* codehighlight.md in Resources */,
				A2B4096B21CB677100233710 /* Test.md in Resources */,
				A276D5C41FEB2737006D5715 /* Assets.xcassets in Resources */,
				A288474E1FF6EDA300558555 /* index.md in Resources */,
				A28847471FF5F71900558555 /* pride.md in Resources */,
				A28847501FF6F31800558555 /* youtube.md in Resources */,
				A28847451FF5AA5A00558555 /* demo.md in Resources */,
			);
			runOnlyForDeploymentPostprocessing = 0;
		};
/* End PBXResourcesBuildPhase section */

/* Begin PBXShellScriptBuildPhase section */
		352066F637EADA0809FAECEA /* [CP] Embed Pods Frameworks */ = {
			isa = PBXShellScriptBuildPhase;
			buildActionMask = 2147483647;
			files = (
			);
			inputFileListPaths = (
			);
			inputPaths = (
				"${PODS_ROOT}/Target Support Files/Pods-TexturedMaakuDemoTargets-TexturedMaakuDemo/Pods-TexturedMaakuDemoTargets-TexturedMaakuDemo-frameworks.sh",
				"${BUILT_PRODUCTS_DIR}/Highlightr/Highlightr.framework",
				"${BUILT_PRODUCTS_DIR}/Maaku/Maaku.framework",
				"${BUILT_PRODUCTS_DIR}/PINCache/PINCache.framework",
				"${BUILT_PRODUCTS_DIR}/PINOperation/PINOperation.framework",
				"${BUILT_PRODUCTS_DIR}/PINRemoteImage/PINRemoteImage.framework",
				"${BUILT_PRODUCTS_DIR}/Texture/AsyncDisplayKit.framework",
				"${BUILT_PRODUCTS_DIR}/TexturedMaaku/TexturedMaaku.framework",
				"${BUILT_PRODUCTS_DIR}/libcmark_gfm/libcmark_gfm.framework",
				"${BUILT_PRODUCTS_DIR}/youtube-ios-player-helper/youtube_ios_player_helper.framework",
			);
			name = "[CP] Embed Pods Frameworks";
			outputFileListPaths = (
			);
			outputPaths = (
				"${TARGET_BUILD_DIR}/${FRAMEWORKS_FOLDER_PATH}/Highlightr.framework",
				"${TARGET_BUILD_DIR}/${FRAMEWORKS_FOLDER_PATH}/Maaku.framework",
				"${TARGET_BUILD_DIR}/${FRAMEWORKS_FOLDER_PATH}/PINCache.framework",
				"${TARGET_BUILD_DIR}/${FRAMEWORKS_FOLDER_PATH}/PINOperation.framework",
				"${TARGET_BUILD_DIR}/${FRAMEWORKS_FOLDER_PATH}/PINRemoteImage.framework",
				"${TARGET_BUILD_DIR}/${FRAMEWORKS_FOLDER_PATH}/AsyncDisplayKit.framework",
				"${TARGET_BUILD_DIR}/${FRAMEWORKS_FOLDER_PATH}/TexturedMaaku.framework",
				"${TARGET_BUILD_DIR}/${FRAMEWORKS_FOLDER_PATH}/libcmark_gfm.framework",
				"${TARGET_BUILD_DIR}/${FRAMEWORKS_FOLDER_PATH}/youtube_ios_player_helper.framework",
			);
			runOnlyForDeploymentPostprocessing = 0;
			shellPath = /bin/sh;
			shellScript = "\"${PODS_ROOT}/Target Support Files/Pods-TexturedMaakuDemoTargets-TexturedMaakuDemo/Pods-TexturedMaakuDemoTargets-TexturedMaakuDemo-frameworks.sh\"\n";
			showEnvVarsInLog = 0;
		};
		A103B8A7A4DAEEC315B8EBD6 /* [CP] Check Pods Manifest.lock */ = {
			isa = PBXShellScriptBuildPhase;
			buildActionMask = 2147483647;
			files = (
			);
			inputFileListPaths = (
			);
			inputPaths = (
				"${PODS_PODFILE_DIR_PATH}/Podfile.lock",
				"${PODS_ROOT}/Manifest.lock",
			);
			name = "[CP] Check Pods Manifest.lock";
			outputFileListPaths = (
			);
			outputPaths = (
				"$(DERIVED_FILE_DIR)/Pods-TexturedMaakuDemoTargets-TexturedMaakuDemo-checkManifestLockResult.txt",
			);
			runOnlyForDeploymentPostprocessing = 0;
			shellPath = /bin/sh;
			shellScript = "diff \"${PODS_PODFILE_DIR_PATH}/Podfile.lock\" \"${PODS_ROOT}/Manifest.lock\" > /dev/null\nif [ $? != 0 ] ; then\n    # print error to STDERR\n    echo \"error: The sandbox is not in sync with the Podfile.lock. Run 'pod install' or update your CocoaPods installation.\" >&2\n    exit 1\nfi\n# This output is used by Xcode 'outputs' to avoid re-running this script phase.\necho \"SUCCESS\" > \"${SCRIPT_OUTPUT_FILE_0}\"\n";
			showEnvVarsInLog = 0;
		};
/* End PBXShellScriptBuildPhase section */

/* Begin PBXSourcesBuildPhase section */
		A276D5B51FEB2737006D5715 /* Sources */ = {
			isa = PBXSourcesBuildPhase;
			buildActionMask = 2147483647;
			files = (
				A276D5BF1FEB2737006D5715 /* DemoViewController.swift in Sources */,
				A276D5BD1FEB2737006D5715 /* AppDelegate.swift in Sources */,
			);
			runOnlyForDeploymentPostprocessing = 0;
		};
/* End PBXSourcesBuildPhase section */

/* Begin PBXVariantGroup section */
		A276D5C51FEB2737006D5715 /* LaunchScreen.storyboard */ = {
			isa = PBXVariantGroup;
			children = (
				A276D5C61FEB2737006D5715 /* Base */,
			);
			name = LaunchScreen.storyboard;
			sourceTree = "<group>";
		};
/* End PBXVariantGroup section */

/* Begin XCBuildConfiguration section */
		A276D5C91FEB2737006D5715 /* Debug */ = {
			isa = XCBuildConfiguration;
			buildSettings = {
				ALWAYS_SEARCH_USER_PATHS = NO;
				CLANG_ANALYZER_NONNULL = YES;
				CLANG_ANALYZER_NUMBER_OBJECT_CONVERSION = YES_AGGRESSIVE;
				CLANG_CXX_LANGUAGE_STANDARD = "gnu++14";
				CLANG_CXX_LIBRARY = "libc++";
				CLANG_ENABLE_MODULES = YES;
				CLANG_ENABLE_OBJC_ARC = YES;
				CLANG_WARN_BLOCK_CAPTURE_AUTORELEASING = YES;
				CLANG_WARN_BOOL_CONVERSION = YES;
				CLANG_WARN_COMMA = YES;
				CLANG_WARN_CONSTANT_CONVERSION = YES;
				CLANG_WARN_DEPRECATED_OBJC_IMPLEMENTATIONS = YES;
				CLANG_WARN_DIRECT_OBJC_ISA_USAGE = YES_ERROR;
				CLANG_WARN_DOCUMENTATION_COMMENTS = YES;
				CLANG_WARN_EMPTY_BODY = YES;
				CLANG_WARN_ENUM_CONVERSION = YES;
				CLANG_WARN_INFINITE_RECURSION = YES;
				CLANG_WARN_INT_CONVERSION = YES;
				CLANG_WARN_NON_LITERAL_NULL_CONVERSION = YES;
				CLANG_WARN_OBJC_IMPLICIT_RETAIN_SELF = YES;
				CLANG_WARN_OBJC_LITERAL_CONVERSION = YES;
				CLANG_WARN_OBJC_ROOT_CLASS = YES_ERROR;
				CLANG_WARN_RANGE_LOOP_ANALYSIS = YES;
				CLANG_WARN_STRICT_PROTOTYPES = YES;
				CLANG_WARN_SUSPICIOUS_MOVE = YES;
				CLANG_WARN_UNGUARDED_AVAILABILITY = YES_AGGRESSIVE;
				CLANG_WARN_UNREACHABLE_CODE = YES;
				CLANG_WARN__DUPLICATE_METHOD_MATCH = YES;
				CODE_SIGN_IDENTITY = "iPhone Developer";
				COPY_PHASE_STRIP = NO;
				DEBUG_INFORMATION_FORMAT = dwarf;
				ENABLE_STRICT_OBJC_MSGSEND = YES;
				ENABLE_TESTABILITY = YES;
				GCC_C_LANGUAGE_STANDARD = gnu11;
				GCC_DYNAMIC_NO_PIC = NO;
				GCC_NO_COMMON_BLOCKS = YES;
				GCC_OPTIMIZATION_LEVEL = 0;
				GCC_PREPROCESSOR_DEFINITIONS = (
					"DEBUG=1",
					"$(inherited)",
				);
				GCC_WARN_64_TO_32_BIT_CONVERSION = YES;
				GCC_WARN_ABOUT_RETURN_TYPE = YES_ERROR;
				GCC_WARN_UNDECLARED_SELECTOR = YES;
				GCC_WARN_UNINITIALIZED_AUTOS = YES_AGGRESSIVE;
				GCC_WARN_UNUSED_FUNCTION = YES;
				GCC_WARN_UNUSED_VARIABLE = YES;
				IPHONEOS_DEPLOYMENT_TARGET = 11.0;
				MTL_ENABLE_DEBUG_INFO = YES;
				ONLY_ACTIVE_ARCH = YES;
				SDKROOT = iphoneos;
				SWIFT_ACTIVE_COMPILATION_CONDITIONS = DEBUG;
				SWIFT_OPTIMIZATION_LEVEL = "-Onone";
			};
			name = Debug;
		};
		A276D5CA1FEB2737006D5715 /* Release */ = {
			isa = XCBuildConfiguration;
			buildSettings = {
				ALWAYS_SEARCH_USER_PATHS = NO;
				CLANG_ANALYZER_NONNULL = YES;
				CLANG_ANALYZER_NUMBER_OBJECT_CONVERSION = YES_AGGRESSIVE;
				CLANG_CXX_LANGUAGE_STANDARD = "gnu++14";
				CLANG_CXX_LIBRARY = "libc++";
				CLANG_ENABLE_MODULES = YES;
				CLANG_ENABLE_OBJC_ARC = YES;
				CLANG_WARN_BLOCK_CAPTURE_AUTORELEASING = YES;
				CLANG_WARN_BOOL_CONVERSION = YES;
				CLANG_WARN_COMMA = YES;
				CLANG_WARN_CONSTANT_CONVERSION = YES;
				CLANG_WARN_DEPRECATED_OBJC_IMPLEMENTATIONS = YES;
				CLANG_WARN_DIRECT_OBJC_ISA_USAGE = YES_ERROR;
				CLANG_WARN_DOCUMENTATION_COMMENTS = YES;
				CLANG_WARN_EMPTY_BODY = YES;
				CLANG_WARN_ENUM_CONVERSION = YES;
				CLANG_WARN_INFINITE_RECURSION = YES;
				CLANG_WARN_INT_CONVERSION = YES;
				CLANG_WARN_NON_LITERAL_NULL_CONVERSION = YES;
				CLANG_WARN_OBJC_IMPLICIT_RETAIN_SELF = YES;
				CLANG_WARN_OBJC_LITERAL_CONVERSION = YES;
				CLANG_WARN_OBJC_ROOT_CLASS = YES_ERROR;
				CLANG_WARN_RANGE_LOOP_ANALYSIS = YES;
				CLANG_WARN_STRICT_PROTOTYPES = YES;
				CLANG_WARN_SUSPICIOUS_MOVE = YES;
				CLANG_WARN_UNGUARDED_AVAILABILITY = YES_AGGRESSIVE;
				CLANG_WARN_UNREACHABLE_CODE = YES;
				CLANG_WARN__DUPLICATE_METHOD_MATCH = YES;
				CODE_SIGN_IDENTITY = "iPhone Developer";
				COPY_PHASE_STRIP = NO;
				DEBUG_INFORMATION_FORMAT = "dwarf-with-dsym";
				ENABLE_NS_ASSERTIONS = NO;
				ENABLE_STRICT_OBJC_MSGSEND = YES;
				GCC_C_LANGUAGE_STANDARD = gnu11;
				GCC_NO_COMMON_BLOCKS = YES;
				GCC_WARN_64_TO_32_BIT_CONVERSION = YES;
				GCC_WARN_ABOUT_RETURN_TYPE = YES_ERROR;
				GCC_WARN_UNDECLARED_SELECTOR = YES;
				GCC_WARN_UNINITIALIZED_AUTOS = YES_AGGRESSIVE;
				GCC_WARN_UNUSED_FUNCTION = YES;
				GCC_WARN_UNUSED_VARIABLE = YES;
				IPHONEOS_DEPLOYMENT_TARGET = 11.0;
				MTL_ENABLE_DEBUG_INFO = NO;
				SDKROOT = iphoneos;
				SWIFT_OPTIMIZATION_LEVEL = "-Owholemodule";
				VALIDATE_PRODUCT = YES;
			};
			name = Release;
		};
		A276D5CC1FEB2737006D5715 /* Debug */ = {
			isa = XCBuildConfiguration;
			baseConfigurationReference = FEE25028C7331E0CCDCF8FBA /* Pods-TexturedMaakuDemoTargets-TexturedMaakuDemo.debug.xcconfig */;
			buildSettings = {
				ASSETCATALOG_COMPILER_APPICON_NAME = AppIcon;
				CODE_SIGN_STYLE = Manual;
				DEVELOPMENT_TEAM = "";
				INFOPLIST_FILE = TexturedMaakuDemo/Info.plist;
				LD_RUNPATH_SEARCH_PATHS = "$(inherited) @executable_path/Frameworks";
				PRODUCT_BUNDLE_IDENTIFIER = com.krisbaker.TexturedMaakuDemo;
				PRODUCT_NAME = "$(TARGET_NAME)";
				PROVISIONING_PROFILE_SPECIFIER = "";
				SWIFT_VERSION = 4.2;
				TARGETED_DEVICE_FAMILY = "1,2";
			};
			name = Debug;
		};
		A276D5CD1FEB2737006D5715 /* Release */ = {
			isa = XCBuildConfiguration;
			baseConfigurationReference = ED36AD404F0C266D74933A4B /* Pods-TexturedMaakuDemoTargets-TexturedMaakuDemo.release.xcconfig */;
			buildSettings = {
				ASSETCATALOG_COMPILER_APPICON_NAME = AppIcon;
				CODE_SIGN_STYLE = Manual;
				DEVELOPMENT_TEAM = "";
				INFOPLIST_FILE = TexturedMaakuDemo/Info.plist;
				LD_RUNPATH_SEARCH_PATHS = "$(inherited) @executable_path/Frameworks";
				PRODUCT_BUNDLE_IDENTIFIER = com.krisbaker.TexturedMaakuDemo;
				PRODUCT_NAME = "$(TARGET_NAME)";
				PROVISIONING_PROFILE_SPECIFIER = "";
				SWIFT_VERSION = 4.2;
				TARGETED_DEVICE_FAMILY = "1,2";
			};
			name = Release;
		};
/* End XCBuildConfiguration section */

/* Begin XCConfigurationList section */
		A276D5B41FEB2737006D5715 /* Build configuration list for PBXProject "TexturedMaakuDemo" */ = {
			isa = XCConfigurationList;
			buildConfigurations = (
				A276D5C91FEB2737006D5715 /* Debug */,
				A276D5CA1FEB2737006D5715 /* Release */,
			);
			defaultConfigurationIsVisible = 0;
			defaultConfigurationName = Release;
		};
		A276D5CB1FEB2737006D5715 /* Build configuration list for PBXNativeTarget "TexturedMaakuDemo" */ = {
			isa = XCConfigurationList;
			buildConfigurations = (
				A276D5CC1FEB2737006D5715 /* Debug */,
				A276D5CD1FEB2737006D5715 /* Release */,
			);
			defaultConfigurationIsVisible = 0;
			defaultConfigurationName = Release;
		};
/* End XCConfigurationList section */
	};
	rootObject = A276D5B11FEB2737006D5715 /* Project object */;
}
